// !$*UTF8*$!
{
	archiveVersion = 1;
	classes = {
	};
	objectVersion = 46;
	objects = {

/* Begin PBXBuildFile section */
		59F8FDA12847A831009EB4C7 /* OverlayViewController.swift in Sources */ = {isa = PBXBuildFile; fileRef = 59F8FD882847A831009EB4C7 /* OverlayViewController.swift */; };
		59F8FDA22847A831009EB4C7 /* DemoBoxOverlayViewController.swift in Sources */ = {isa = PBXBuildFile; fileRef = 59F8FD892847A831009EB4C7 /* DemoBoxOverlayViewController.swift */; };
		59F8FDA32847A831009EB4C7 /* PaymentCardScanner.swift in Sources */ = {isa = PBXBuildFile; fileRef = 59F8FD8A2847A831009EB4C7 /* PaymentCardScanner.swift */; };
		59F8FDA42847A831009EB4C7 /* PaymentCardScanner.m in Sources */ = {isa = PBXBuildFile; fileRef = 59F8FD8B2847A831009EB4C7 /* PaymentCardScanner.m */; };
		59F8FDA52847A831009EB4C7 /* DemoScannerOverlayController.swift in Sources */ = {isa = PBXBuildFile; fileRef = 59F8FD8C2847A831009EB4C7 /* DemoScannerOverlayController.swift */; };
		59F8FDA62847A831009EB4C7 /* CameraViewController.swift in Sources */ = {isa = PBXBuildFile; fileRef = 59F8FD902847A831009EB4C7 /* CameraViewController.swift */; };
		59F8FDA72847A831009EB4C7 /* RecognizerCameraViewController.swift in Sources */ = {isa = PBXBuildFile; fileRef = 59F8FD912847A831009EB4C7 /* RecognizerCameraViewController.swift */; };
		59F8FDA82847A831009EB4C7 /* CardInfo.swift in Sources */ = {isa = PBXBuildFile; fileRef = 59F8FD932847A831009EB4C7 /* CardInfo.swift */; };
		59F8FDA92847A831009EB4C7 /* BarcodeInfo.swift in Sources */ = {isa = PBXBuildFile; fileRef = 59F8FD942847A831009EB4C7 /* BarcodeInfo.swift */; };
		59F8FDAA2847A831009EB4C7 /* PaymentCardRecognizer.swift in Sources */ = {isa = PBXBuildFile; fileRef = 59F8FD962847A831009EB4C7 /* PaymentCardRecognizer.swift */; };
		59F8FDAB2847A831009EB4C7 /* IdentityCardRecognizer.swift in Sources */ = {isa = PBXBuildFile; fileRef = 59F8FD972847A831009EB4C7 /* IdentityCardRecognizer.swift */; };
		59F8FDAC2847A831009EB4C7 /* RectRecognizer.swift in Sources */ = {isa = PBXBuildFile; fileRef = 59F8FD982847A831009EB4C7 /* RectRecognizer.swift */; };
		59F8FDAD2847A831009EB4C7 /* BarcodeRecognizer.swift in Sources */ = {isa = PBXBuildFile; fileRef = 59F8FD992847A831009EB4C7 /* BarcodeRecognizer.swift */; };
		59F8FDAE2847A831009EB4C7 /* FaceImageRecognizer.swift in Sources */ = {isa = PBXBuildFile; fileRef = 59F8FD9A2847A831009EB4C7 /* FaceImageRecognizer.swift */; };
		59F8FDAF2847A831009EB4C7 /* NationalCardSerialRecognizer.swift in Sources */ = {isa = PBXBuildFile; fileRef = 59F8FD9B2847A831009EB4C7 /* NationalCardSerialRecognizer.swift */; };
		59F8FDB02847A831009EB4C7 /* Image.swift in Sources */ = {isa = PBXBuildFile; fileRef = 59F8FD9D2847A831009EB4C7 /* Image.swift */; };
		59F8FDB12847A831009EB4C7 /* Extensions.swift in Sources */ = {isa = PBXBuildFile; fileRef = 59F8FD9E2847A831009EB4C7 /* Extensions.swift */; };
		59F8FDB22847A831009EB4C7 /* Protocols.swift in Sources */ = {isa = PBXBuildFile; fileRef = 59F8FD9F2847A831009EB4C7 /* Protocols.swift */; };
		59F8FDB32847A831009EB4C7 /* ViewController.swift in Sources */ = {isa = PBXBuildFile; fileRef = 59F8FDA02847A831009EB4C7 /* ViewController.swift */; };
/* End PBXBuildFile section */

/* Begin PBXCopyFilesBuildPhase section */
		58B511D91A9E6C8500147676 /* CopyFiles */ = {
			isa = PBXCopyFilesBuildPhase;
			buildActionMask = 2147483647;
			dstPath = "include/$(PRODUCT_NAME)";
			dstSubfolderSpec = 16;
			files = (
			);
			runOnlyForDeploymentPostprocessing = 0;
		};
/* End PBXCopyFilesBuildPhase section */

/* Begin PBXFileReference section */
		134814201AA4EA6300B7C361 /* libPaymentCardScanner.a */ = {isa = PBXFileReference; explicitFileType = archive.ar; includeInIndex = 0; path = libPaymentCardScanner.a; sourceTree = BUILT_PRODUCTS_DIR; };
		59F8FD882847A831009EB4C7 /* OverlayViewController.swift */ = {isa = PBXFileReference; fileEncoding = 4; lastKnownFileType = sourcecode.swift; path = OverlayViewController.swift; sourceTree = "<group>"; };
		59F8FD892847A831009EB4C7 /* DemoBoxOverlayViewController.swift */ = {isa = PBXFileReference; fileEncoding = 4; lastKnownFileType = sourcecode.swift; path = DemoBoxOverlayViewController.swift; sourceTree = "<group>"; };
		59F8FD8A2847A831009EB4C7 /* PaymentCardScanner.swift */ = {isa = PBXFileReference; fileEncoding = 4; lastKnownFileType = sourcecode.swift; path = PaymentCardScanner.swift; sourceTree = "<group>"; };
		59F8FD8B2847A831009EB4C7 /* PaymentCardScanner.m */ = {isa = PBXFileReference; fileEncoding = 4; lastKnownFileType = sourcecode.c.objc; path = PaymentCardScanner.m; sourceTree = "<group>"; };
		59F8FD8C2847A831009EB4C7 /* DemoScannerOverlayController.swift */ = {isa = PBXFileReference; fileEncoding = 4; lastKnownFileType = sourcecode.swift; path = DemoScannerOverlayController.swift; sourceTree = "<group>"; };
		59F8FD902847A831009EB4C7 /* CameraViewController.swift */ = {isa = PBXFileReference; fileEncoding = 4; lastKnownFileType = sourcecode.swift; path = CameraViewController.swift; sourceTree = "<group>"; };
		59F8FD912847A831009EB4C7 /* RecognizerCameraViewController.swift */ = {isa = PBXFileReference; fileEncoding = 4; lastKnownFileType = sourcecode.swift; path = RecognizerCameraViewController.swift; sourceTree = "<group>"; };
		59F8FD932847A831009EB4C7 /* CardInfo.swift */ = {isa = PBXFileReference; fileEncoding = 4; lastKnownFileType = sourcecode.swift; path = CardInfo.swift; sourceTree = "<group>"; };
		59F8FD942847A831009EB4C7 /* BarcodeInfo.swift */ = {isa = PBXFileReference; fileEncoding = 4; lastKnownFileType = sourcecode.swift; path = BarcodeInfo.swift; sourceTree = "<group>"; };
		59F8FD962847A831009EB4C7 /* PaymentCardRecognizer.swift */ = {isa = PBXFileReference; fileEncoding = 4; lastKnownFileType = sourcecode.swift; path = PaymentCardRecognizer.swift; sourceTree = "<group>"; };
		59F8FD972847A831009EB4C7 /* IdentityCardRecognizer.swift */ = {isa = PBXFileReference; fileEncoding = 4; lastKnownFileType = sourcecode.swift; path = IdentityCardRecognizer.swift; sourceTree = "<group>"; };
		59F8FD982847A831009EB4C7 /* RectRecognizer.swift */ = {isa = PBXFileReference; fileEncoding = 4; lastKnownFileType = sourcecode.swift; path = RectRecognizer.swift; sourceTree = "<group>"; };
		59F8FD992847A831009EB4C7 /* BarcodeRecognizer.swift */ = {isa = PBXFileReference; fileEncoding = 4; lastKnownFileType = sourcecode.swift; path = BarcodeRecognizer.swift; sourceTree = "<group>"; };
		59F8FD9A2847A831009EB4C7 /* FaceImageRecognizer.swift */ = {isa = PBXFileReference; fileEncoding = 4; lastKnownFileType = sourcecode.swift; path = FaceImageRecognizer.swift; sourceTree = "<group>"; };
		59F8FD9B2847A831009EB4C7 /* NationalCardSerialRecognizer.swift */ = {isa = PBXFileReference; fileEncoding = 4; lastKnownFileType = sourcecode.swift; path = NationalCardSerialRecognizer.swift; sourceTree = "<group>"; };
		59F8FD9D2847A831009EB4C7 /* Image.swift */ = {isa = PBXFileReference; fileEncoding = 4; lastKnownFileType = sourcecode.swift; path = Image.swift; sourceTree = "<group>"; };
		59F8FD9E2847A831009EB4C7 /* Extensions.swift */ = {isa = PBXFileReference; fileEncoding = 4; lastKnownFileType = sourcecode.swift; path = Extensions.swift; sourceTree = "<group>"; };
		59F8FD9F2847A831009EB4C7 /* Protocols.swift */ = {isa = PBXFileReference; fileEncoding = 4; lastKnownFileType = sourcecode.swift; path = Protocols.swift; sourceTree = "<group>"; };
		59F8FDA02847A831009EB4C7 /* ViewController.swift */ = {isa = PBXFileReference; fileEncoding = 4; lastKnownFileType = sourcecode.swift; path = ViewController.swift; sourceTree = "<group>"; };
		F4FF95D5245B92E700C19C63 /* PaymentCardScanner-Bridging-Header.h */ = {isa = PBXFileReference; lastKnownFileType = sourcecode.c.h; path = "PaymentCardScanner-Bridging-Header.h"; sourceTree = "<group>"; };
/* End PBXFileReference section */

/* Begin PBXFrameworksBuildPhase section */
		58B511D81A9E6C8500147676 /* Frameworks */ = {
			isa = PBXFrameworksBuildPhase;
			buildActionMask = 2147483647;
			files = (
			);
			runOnlyForDeploymentPostprocessing = 0;
		};
/* End PBXFrameworksBuildPhase section */

/* Begin PBXGroup section */
		134814211AA4EA7D00B7C361 /* Products */ = {
			isa = PBXGroup;
			children = (
				134814201AA4EA6300B7C361 /* libPaymentCardScanner.a */,
			);
			name = Products;
			sourceTree = "<group>";
		};
		58B511D21A9E6C8500147676 = {
			isa = PBXGroup;
			children = (
				59F8FD892847A831009EB4C7 /* DemoBoxOverlayViewController.swift */,
				59F8FD8C2847A831009EB4C7 /* DemoScannerOverlayController.swift */,
				59F8FD882847A831009EB4C7 /* OverlayViewController.swift */,
				59F8FD8B2847A831009EB4C7 /* PaymentCardScanner.m */,
				59F8FD8A2847A831009EB4C7 /* PaymentCardScanner.swift */,
				59F8FD8D2847A831009EB4C7 /* Sources */,
				59F8FDA02847A831009EB4C7 /* ViewController.swift */,
				F4FF95D5245B92E700C19C63 /* PaymentCardScanner-Bridging-Header.h */,
				134814211AA4EA7D00B7C361 /* Products */,
			);
			sourceTree = "<group>";
		};
		59F8FD8D2847A831009EB4C7 /* Sources */ = {
			isa = PBXGroup;
			children = (
				59F8FD8E2847A831009EB4C7 /* PaymentCardScanner */,
			);
			path = Sources;
			sourceTree = "<group>";
		};
		59F8FD8E2847A831009EB4C7 /* PaymentCardScanner */ = {
			isa = PBXGroup;
			children = (
				59F8FD8F2847A831009EB4C7 /* ViewControllers */,
				59F8FD922847A831009EB4C7 /* Structs */,
				59F8FD952847A831009EB4C7 /* Recognizers */,
				59F8FD9C2847A831009EB4C7 /* Base */,
			);
			path = PaymentCardScanner;
			sourceTree = "<group>";
		};
		59F8FD8F2847A831009EB4C7 /* ViewControllers */ = {
			isa = PBXGroup;
			children = (
				59F8FD902847A831009EB4C7 /* CameraViewController.swift */,
				59F8FD912847A831009EB4C7 /* RecognizerCameraViewController.swift */,
			);
			path = ViewControllers;
			sourceTree = "<group>";
		};
		59F8FD922847A831009EB4C7 /* Structs */ = {
			isa = PBXGroup;
			children = (
				59F8FD932847A831009EB4C7 /* CardInfo.swift */,
				59F8FD942847A831009EB4C7 /* BarcodeInfo.swift */,
			);
			path = Structs;
			sourceTree = "<group>";
		};
		59F8FD952847A831009EB4C7 /* Recognizers */ = {
			isa = PBXGroup;
			children = (
				59F8FD962847A831009EB4C7 /* PaymentCardRecognizer.swift */,
				59F8FD972847A831009EB4C7 /* IdentityCardRecognizer.swift */,
				59F8FD982847A831009EB4C7 /* RectRecognizer.swift */,
				59F8FD992847A831009EB4C7 /* BarcodeRecognizer.swift */,
				59F8FD9A2847A831009EB4C7 /* FaceImageRecognizer.swift */,
				59F8FD9B2847A831009EB4C7 /* NationalCardSerialRecognizer.swift */,
			);
			path = Recognizers;
			sourceTree = "<group>";
		};
		59F8FD9C2847A831009EB4C7 /* Base */ = {
			isa = PBXGroup;
			children = (
				59F8FD9D2847A831009EB4C7 /* Image.swift */,
				59F8FD9E2847A831009EB4C7 /* Extensions.swift */,
				59F8FD9F2847A831009EB4C7 /* Protocols.swift */,
			);
			path = Base;
			sourceTree = "<group>";
		};
/* End PBXGroup section */

/* Begin PBXNativeTarget section */
		58B511DA1A9E6C8500147676 /* PaymentCardScanner */ = {
			isa = PBXNativeTarget;
			buildConfigurationList = 58B511EF1A9E6C8500147676 /* Build configuration list for PBXNativeTarget "PaymentCardScanner" */;
			buildPhases = (
				58B511D71A9E6C8500147676 /* Sources */,
				58B511D81A9E6C8500147676 /* Frameworks */,
				58B511D91A9E6C8500147676 /* CopyFiles */,
			);
			buildRules = (
			);
			dependencies = (
			);
			name = PaymentCardScanner;
			productName = RCTDataManager;
			productReference = 134814201AA4EA6300B7C361 /* libPaymentCardScanner.a */;
			productType = "com.apple.product-type.library.static";
		};
/* End PBXNativeTarget section */

/* Begin PBXProject section */
		58B511D31A9E6C8500147676 /* Project object */ = {
			isa = PBXProject;
			attributes = {
				LastUpgradeCheck = 0920;
				ORGANIZATIONNAME = Facebook;
				TargetAttributes = {
					58B511DA1A9E6C8500147676 = {
						CreatedOnToolsVersion = 6.1.1;
					};
				};
			};
			buildConfigurationList = 58B511D61A9E6C8500147676 /* Build configuration list for PBXProject "PaymentCardScanner" */;
			compatibilityVersion = "Xcode 3.2";
			developmentRegion = English;
			hasScannedForEncodings = 0;
			knownRegions = (
				English,
				en,
			);
			mainGroup = 58B511D21A9E6C8500147676;
			productRefGroup = 58B511D21A9E6C8500147676;
			projectDirPath = "";
			projectRoot = "";
			targets = (
				58B511DA1A9E6C8500147676 /* PaymentCardScanner */,
			);
		};
/* End PBXProject section */

/* Begin PBXSourcesBuildPhase section */
		58B511D71A9E6C8500147676 /* Sources */ = {
			isa = PBXSourcesBuildPhase;
			buildActionMask = 2147483647;
			files = (
				59F8FDA22847A831009EB4C7 /* DemoBoxOverlayViewController.swift in Sources */,
				59F8FDB32847A831009EB4C7 /* ViewController.swift in Sources */,
				59F8FDAC2847A831009EB4C7 /* RectRecognizer.swift in Sources */,
				59F8FDAB2847A831009EB4C7 /* IdentityCardRecognizer.swift in Sources */,
				59F8FDB22847A831009EB4C7 /* Protocols.swift in Sources */,
				59F8FDA72847A831009EB4C7 /* RecognizerCameraViewController.swift in Sources */,
				59F8FDA42847A831009EB4C7 /* PaymentCardScanner.m in Sources */,
				59F8FDA32847A831009EB4C7 /* PaymentCardScanner.swift in Sources */,
				59F8FDAD2847A831009EB4C7 /* BarcodeRecognizer.swift in Sources */,
				59F8FDAF2847A831009EB4C7 /* NationalCardSerialRecognizer.swift in Sources */,
				59F8FDA52847A831009EB4C7 /* DemoScannerOverlayController.swift in Sources */,
				59F8FDB02847A831009EB4C7 /* Image.swift in Sources */,
				59F8FDAE2847A831009EB4C7 /* FaceImageRecognizer.swift in Sources */,
				59F8FDA12847A831009EB4C7 /* OverlayViewController.swift in Sources */,
				59F8FDAA2847A831009EB4C7 /* PaymentCardRecognizer.swift in Sources */,
				59F8FDA62847A831009EB4C7 /* CameraViewController.swift in Sources */,
				59F8FDB12847A831009EB4C7 /* Extensions.swift in Sources */,
				59F8FDA92847A831009EB4C7 /* BarcodeInfo.swift in Sources */,
				59F8FDA82847A831009EB4C7 /* CardInfo.swift in Sources */,
			);
			runOnlyForDeploymentPostprocessing = 0;
		};
/* End PBXSourcesBuildPhase section */

/* Begin XCBuildConfiguration section */
		58B511ED1A9E6C8500147676 /* Debug */ = {
			isa = XCBuildConfiguration;
			buildSettings = {
				ALWAYS_SEARCH_USER_PATHS = NO;
				CLANG_CXX_LANGUAGE_STANDARD = "gnu++0x";
				CLANG_CXX_LIBRARY = "libc++";
				CLANG_ENABLE_MODULES = YES;
				CLANG_ENABLE_OBJC_ARC = YES;
				CLANG_WARN_BLOCK_CAPTURE_AUTORELEASING = YES;
				CLANG_WARN_BOOL_CONVERSION = YES;
				CLANG_WARN_COMMA = YES;
				CLANG_WARN_CONSTANT_CONVERSION = YES;
				CLANG_WARN_DIRECT_OBJC_ISA_USAGE = YES_ERROR;
				CLANG_WARN_EMPTY_BODY = YES;
				CLANG_WARN_ENUM_CONVERSION = YES;
				CLANG_WARN_INFINITE_RECURSION = YES;
				CLANG_WARN_INT_CONVERSION = YES;
				CLANG_WARN_NON_LITERAL_NULL_CONVERSION = YES;
				CLANG_WARN_OBJC_LITERAL_CONVERSION = YES;
				CLANG_WARN_OBJC_ROOT_CLASS = YES_ERROR;
				CLANG_WARN_RANGE_LOOP_ANALYSIS = YES;
				CLANG_WARN_STRICT_PROTOTYPES = YES;
				CLANG_WARN_SUSPICIOUS_MOVE = YES;
				CLANG_WARN_UNREACHABLE_CODE = YES;
				CLANG_WARN__DUPLICATE_METHOD_MATCH = YES;
				COPY_PHASE_STRIP = NO;
				ENABLE_STRICT_OBJC_MSGSEND = YES;
				ENABLE_TESTABILITY = YES;
				GCC_C_LANGUAGE_STANDARD = gnu99;
				GCC_DYNAMIC_NO_PIC = NO;
				GCC_NO_COMMON_BLOCKS = YES;
				GCC_OPTIMIZATION_LEVEL = 0;
				GCC_PREPROCESSOR_DEFINITIONS = (
					"DEBUG=1",
					"$(inherited)",
				);
				GCC_SYMBOLS_PRIVATE_EXTERN = NO;
				GCC_WARN_64_TO_32_BIT_CONVERSION = YES;
				GCC_WARN_ABOUT_RETURN_TYPE = YES_ERROR;
				GCC_WARN_UNDECLARED_SELECTOR = YES;
				GCC_WARN_UNINITIALIZED_AUTOS = YES_AGGRESSIVE;
				GCC_WARN_UNUSED_FUNCTION = YES;
				GCC_WARN_UNUSED_VARIABLE = YES;
				IPHONEOS_DEPLOYMENT_TARGET = 8.0;
				MTL_ENABLE_DEBUG_INFO = YES;
				ONLY_ACTIVE_ARCH = YES;
				SDKROOT = iphoneos;
			};
			name = Debug;
		};
		58B511EE1A9E6C8500147676 /* Release */ = {
			isa = XCBuildConfiguration;
			buildSettings = {
				ALWAYS_SEARCH_USER_PATHS = NO;
				CLANG_CXX_LANGUAGE_STANDARD = "gnu++0x";
				CLANG_CXX_LIBRARY = "libc++";
				CLANG_ENABLE_MODULES = YES;
				CLANG_ENABLE_OBJC_ARC = YES;
				CLANG_WARN_BLOCK_CAPTURE_AUTORELEASING = YES;
				CLANG_WARN_BOOL_CONVERSION = YES;
				CLANG_WARN_COMMA = YES;
				CLANG_WARN_CONSTANT_CONVERSION = YES;
				CLANG_WARN_DIRECT_OBJC_ISA_USAGE = YES_ERROR;
				CLANG_WARN_EMPTY_BODY = YES;
				CLANG_WARN_ENUM_CONVERSION = YES;
				CLANG_WARN_INFINITE_RECURSION = YES;
				CLANG_WARN_INT_CONVERSION = YES;
				CLANG_WARN_NON_LITERAL_NULL_CONVERSION = YES;
				CLANG_WARN_OBJC_LITERAL_CONVERSION = YES;
				CLANG_WARN_OBJC_ROOT_CLASS = YES_ERROR;
				CLANG_WARN_RANGE_LOOP_ANALYSIS = YES;
				CLANG_WARN_STRICT_PROTOTYPES = YES;
				CLANG_WARN_SUSPICIOUS_MOVE = YES;
				CLANG_WARN_UNREACHABLE_CODE = YES;
				CLANG_WARN__DUPLICATE_METHOD_MATCH = YES;
				COPY_PHASE_STRIP = YES;
				ENABLE_NS_ASSERTIONS = NO;
				ENABLE_STRICT_OBJC_MSGSEND = YES;
				GCC_C_LANGUAGE_STANDARD = gnu99;
				GCC_NO_COMMON_BLOCKS = YES;
				GCC_WARN_64_TO_32_BIT_CONVERSION = YES;
				GCC_WARN_ABOUT_RETURN_TYPE = YES_ERROR;
				GCC_WARN_UNDECLARED_SELECTOR = YES;
				GCC_WARN_UNINITIALIZED_AUTOS = YES_AGGRESSIVE;
				GCC_WARN_UNUSED_FUNCTION = YES;
				GCC_WARN_UNUSED_VARIABLE = YES;
				IPHONEOS_DEPLOYMENT_TARGET = 8.0;
				MTL_ENABLE_DEBUG_INFO = NO;
				SDKROOT = iphoneos;
				VALIDATE_PRODUCT = YES;
			};
			name = Release;
		};
		58B511F01A9E6C8500147676 /* Debug */ = {
			isa = XCBuildConfiguration;
			buildSettings = {
				HEADER_SEARCH_PATHS = (
					"$(inherited)",
					/Applications/Xcode.app/Contents/Developer/Toolchains/XcodeDefault.xctoolchain/usr/include,
					"$(SRCROOT)/../../../React/**",
					"$(SRCROOT)/../../react-native/React/**",
				);
				LIBRARY_SEARCH_PATHS = "$(inherited)";
				OTHER_LDFLAGS = "-ObjC";
				PRODUCT_NAME = PaymentCardScanner;
				SKIP_INSTALL = YES;
				SWIFT_OBJC_BRIDGING_HEADER = "PaymentCardScanner-Bridging-Header.h";
				SWIFT_OPTIMIZATION_LEVEL = "-Onone";
				SWIFT_VERSION = 5.0;
			};
			name = Debug;
		};
		58B511F11A9E6C8500147676 /* Release */ = {
			isa = XCBuildConfiguration;
			buildSettings = {
				HEADER_SEARCH_PATHS = (
					"$(inherited)",
					/Applications/Xcode.app/Contents/Developer/Toolchains/XcodeDefault.xctoolchain/usr/include,
					"$(SRCROOT)/../../../React/**",
					"$(SRCROOT)/../../react-native/React/**",
				);
				LIBRARY_SEARCH_PATHS = "$(inherited)";
				OTHER_LDFLAGS = "-ObjC";
				PRODUCT_NAME = PaymentCardScanner;
				SKIP_INSTALL = YES;
				SWIFT_OBJC_BRIDGING_HEADER = "PaymentCardScanner-Bridging-Header.h";
				SWIFT_VERSION = 5.0;
			};
			name = Release;
		};
/* End XCBuildConfiguration section */

/* Begin XCConfigurationList section */
		58B511D61A9E6C8500147676 /* Build configuration list for PBXProject "PaymentCardScanner" */ = {
			isa = XCConfigurationList;
			buildConfigurations = (
				58B511ED1A9E6C8500147676 /* Debug */,
				58B511EE1A9E6C8500147676 /* Release */,
			);
			defaultConfigurationIsVisible = 0;
			defaultConfigurationName = Release;
		};
		58B511EF1A9E6C8500147676 /* Build configuration list for PBXNativeTarget "PaymentCardScanner" */ = {
			isa = XCConfigurationList;
			buildConfigurations = (
				58B511F01A9E6C8500147676 /* Debug */,
				58B511F11A9E6C8500147676 /* Release */,
			);
			defaultConfigurationIsVisible = 0;
			defaultConfigurationName = Release;
		};
/* End XCConfigurationList section */
	};
	rootObject = 58B511D31A9E6C8500147676 /* Project object */;
}
